
Microsoft Visual Studio Solution File, Format Version 12.00
# Visual Studio Version 17
VisualStudioVersion = 17.3.32819.101
MinimumVisualStudioVersion = 10.0.40219.1
Project("{FAE04EC0-301F-11D3-BF4B-00C04F79EFBC}") = "CardMessageApp.Web", "CardMessageApp.Web\CardMessageApp.Web.csproj", "{BA0F067D-A659-4D59-9BC0-20468375D81B}"
EndProject
Project("{FAE04EC0-301F-11D3-BF4B-00C04F79EFBC}") = "CardMessageApp.Service", "CardMessageApp.Service\CardMessageApp.Service.csproj", "{B898E2BF-C24A-4D63-92D9-4E098D9785DD}"
EndProject
Project("{FAE04EC0-301F-11D3-BF4B-00C04F79EFBC}") = "CardMessageApp.Model", "CardMessageApp.Model\CardMessageApp.Model.csproj", "{CE8A16D5-82FE-4ED5-A6E3-7F98D5255566}"
EndProject
Global
	GlobalSection(SolutionConfigurationPlatforms) = preSolution
		Debug|Any CPU = Debug|Any CPU
		Release|Any CPU = Release|Any CPU
	EndGlobalSection
	GlobalSection(ProjectConfigurationPlatforms) = postSolution
		{BA0F067D-A659-4D59-9BC0-20468375D81B}.Debug|Any CPU.ActiveCfg = Debug|Any CPU
		{BA0F067D-A659-4D59-9BC0-20468375D81B}.Debug|Any CPU.Build.0 = Debug|Any CPU
		{BA0F067D-A659-4D59-9BC0-20468375D81B}.Release|Any CPU.ActiveCfg = Release|Any CPU
		{BA0F067D-A659-4D59-9BC0-20468375D81B}.Release|Any CPU.Build.0 = Release|Any CPU
		{B898E2BF-C24A-4D63-92D9-4E098D9785DD}.Debug|Any CPU.ActiveCfg = Debug|Any CPU
		{B898E2BF-C24A-4D63-92D9-4E098D9785DD}.Debug|Any CPU.Build.0 = Debug|Any CPU
		{B898E2BF-C24A-4D63-92D9-4E098D9785DD}.Release|Any CPU.ActiveCfg = Release|Any CPU
		{B898E2BF-C24A-4D63-92D9-4E098D9785DD}.Release|Any CPU.Build.0 = Release|Any CPU
		{CE8A16D5-82FE-4ED5-A6E3-7F98D5255566}.Debug|Any CPU.ActiveCfg = Debug|Any CPU
		{CE8A16D5-82FE-4ED5-A6E3-7F98D5255566}.Debug|Any CPU.Build.0 = Debug|Any CPU
		{CE8A16D5-82FE-4ED5-A6E3-7F98D5255566}.Release|Any CPU.ActiveCfg = Release|Any CPU
		{CE8A16D5-82FE-4ED5-A6E3-7F98D5255566}.Release|Any CPU.Build.0 = Release|Any CPU
	EndGlobalSection
	GlobalSection(SolutionProperties) = preSolution
		HideSolutionNode = FALSE
	EndGlobalSection
	GlobalSection(ExtensibilityGlobals) = postSolution
		SolutionGuid = {CF7995EC-4B84-4863-B8F6-448F1F15550B}
	EndGlobalSection
EndGlobal
